
Microsoft Visual Studio Solution File, Format Version 12.00
# Visual Studio Version 17
VisualStudioVersion = 17.2.32526.322
MinimumVisualStudioVersion = 10.0.40219.1
Project("{FAE04EC0-301F-11D3-BF4B-00C04F79EFBC}") = "EmailSend_SendGrid_WebApi", "EmailSend_SendGrid_WebApi\EmailSend_SendGrid_WebApi.csproj", "{6C920EBE-FD94-408A-9F00-2FC659CFDE60}"
EndProject
Global
	GlobalSection(SolutionConfigurationPlatforms) = preSolution
		Debug|Any CPU = Debug|Any CPU
		Release|Any CPU = Release|Any CPU
	EndGlobalSection
	GlobalSection(ProjectConfigurationPlatforms) = postSolution
		{6C920EBE-FD94-408A-9F00-2FC659CFDE60}.Debug|Any CPU.ActiveCfg = Debug|Any CPU
		{6C920EBE-FD94-408A-9F00-2FC659CFDE60}.Debug|Any CPU.Build.0 = Debug|Any CPU
		{6C920EBE-FD94-408A-9F00-2FC659CFDE60}.Release|Any CPU.ActiveCfg = Release|Any CPU
		{6C920EBE-FD94-408A-9F00-2FC659CFDE60}.Release|Any CPU.Build.0 = Release|Any CPU
	EndGlobalSection
	GlobalSection(SolutionProperties) = preSolution
		HideSolutionNode = FALSE
	EndGlobalSection
	GlobalSection(ExtensibilityGlobals) = postSolution
		SolutionGuid = {39D2C1CC-C162-49B8-A7CE-C7A3CE1F195C}
	EndGlobalSection
EndGlobal
